
Microsoft Visual Studio Solution File, Format Version 12.00
# Visual Studio 15
VisualStudioVersion = 15.0.27130.2036
MinimumVisualStudioVersion = 10.0.40219.1
Project("{2150E333-8FDC-42A3-9474-1A3956D46DE8}") = "01-Presentation", "01-Presentation", "{925D2DC3-65AE-4900-873B-0A17A72BF3F8}"
EndProject
Project("{2150E333-8FDC-42A3-9474-1A3956D46DE8}") = "01-src", "01-src", "{23E9FF7B-1BC5-4FA3-9BE3-30188203472D}"
EndProject
Project("{2150E333-8FDC-42A3-9474-1A3956D46DE8}") = "02-Service", "02-Service", "{E0508FDA-EC25-47F0-8515-C5817A069871}"
EndProject
Project("{2150E333-8FDC-42A3-9474-1A3956D46DE8}") = "03-Domain", "03-Domain", "{CBF8C535-700E-4CCA-9D3D-0AE2AD5797C3}"
EndProject
Project("{2150E333-8FDC-42A3-9474-1A3956D46DE8}") = "04-Infrastructure", "04-Infrastructure", "{09A471F6-9339-41A9-8722-77FB63995E31}"
EndProject
Project("{9A19103F-16F7-4668-BE54-9A1E7A4F7556}") = "GreatWall.Service", "src\GreatWall.Service\GreatWall.Service.csproj", "{CCAB3FCE-8792-4EDD-A393-38DB6E67023B}"
EndProject
Project("{2150E333-8FDC-42A3-9474-1A3956D46DE8}") = "02-test", "02-test", "{22E2958B-E11E-48FF-A999-9CE71F060331}"
EndProject
Project("{9A19103F-16F7-4668-BE54-9A1E7A4F7556}") = "01-GreatWall.Infrastructure", "src\GreatWall.Infrastructure\01-GreatWall.Infrastructure.csproj", "{1024472F-E731-4D4A-8043-2E78190F0DAD}"
EndProject
Project("{9A19103F-16F7-4668-BE54-9A1E7A4F7556}") = "02-GreatWall.Data", "src\GreatWall.Data\02-GreatWall.Data.csproj", "{2B84E01C-A914-4AB2-B787-AC7D310A687E}"
EndProject
Project("{9A19103F-16F7-4668-BE54-9A1E7A4F7556}") = "GreatWall.Domain", "src\GreatWall.Domain\GreatWall.Domain.csproj", "{EEE91754-0AE3-4942-97EE-D499E1A48D52}"
EndProject
Project("{9A19103F-16F7-4668-BE54-9A1E7A4F7556}") = "GreatWall.Admin", "src\GreatWall.Admin\GreatWall.Admin.csproj", "{B6A8AEB2-A843-493F-8E96-E66D17BBA593}"
EndProject
Project("{9A19103F-16F7-4668-BE54-9A1E7A4F7556}") = "GreatWall.AuthenticationServer", "src\GreatWall.AuthenticationServer\GreatWall.AuthenticationServer.csproj", "{467DE447-168E-4DAF-A6EC-1E1AF017593A}"
EndProject
Project("{9A19103F-16F7-4668-BE54-9A1E7A4F7556}") = "GreatWall.Api", "src\GreatWall.Api\GreatWall.Api.csproj", "{E00B58E9-67AC-44A5-9EDA-573A83281D82}"
EndProject
Project("{FAE04EC0-301F-11D3-BF4B-00C04F79EFBC}") = "GreatWall.Tests", "test\GreatWall.Tests\GreatWall.Tests.csproj", "{058A5950-8A20-4880-AEA5-3AAB9C3A3517}"
EndProject
Project("{FAE04EC0-301F-11D3-BF4B-00C04F79EFBC}") = "GreatWall.Tests.Integration", "test\GreatWall.Tests.Integration\GreatWall.Tests.Integration.csproj", "{5A4405DE-239F-45AB-B801-047DFC27D062}"
EndProject
Global
	GlobalSection(SolutionConfigurationPlatforms) = preSolution
		Debug|Any CPU = Debug|Any CPU
		Release|Any CPU = Release|Any CPU
	EndGlobalSection
	GlobalSection(ProjectConfigurationPlatforms) = postSolution
		{CCAB3FCE-8792-4EDD-A393-38DB6E67023B}.Debug|Any CPU.ActiveCfg = Debug|Any CPU
		{CCAB3FCE-8792-4EDD-A393-38DB6E67023B}.Debug|Any CPU.Build.0 = Debug|Any CPU
		{CCAB3FCE-8792-4EDD-A393-38DB6E67023B}.Release|Any CPU.ActiveCfg = Release|Any CPU
		{CCAB3FCE-8792-4EDD-A393-38DB6E67023B}.Release|Any CPU.Build.0 = Release|Any CPU
		{1024472F-E731-4D4A-8043-2E78190F0DAD}.Debug|Any CPU.ActiveCfg = Debug|Any CPU
		{1024472F-E731-4D4A-8043-2E78190F0DAD}.Debug|Any CPU.Build.0 = Debug|Any CPU
		{1024472F-E731-4D4A-8043-2E78190F0DAD}.Release|Any CPU.ActiveCfg = Release|Any CPU
		{1024472F-E731-4D4A-8043-2E78190F0DAD}.Release|Any CPU.Build.0 = Release|Any CPU
		{2B84E01C-A914-4AB2-B787-AC7D310A687E}.Debug|Any CPU.ActiveCfg = Debug|Any CPU
		{2B84E01C-A914-4AB2-B787-AC7D310A687E}.Debug|Any CPU.Build.0 = Debug|Any CPU
		{2B84E01C-A914-4AB2-B787-AC7D310A687E}.Release|Any CPU.ActiveCfg = Release|Any CPU
		{2B84E01C-A914-4AB2-B787-AC7D310A687E}.Release|Any CPU.Build.0 = Release|Any CPU
		{EEE91754-0AE3-4942-97EE-D499E1A48D52}.Debug|Any CPU.ActiveCfg = Debug|Any CPU
		{EEE91754-0AE3-4942-97EE-D499E1A48D52}.Debug|Any CPU.Build.0 = Debug|Any CPU
		{EEE91754-0AE3-4942-97EE-D499E1A48D52}.Release|Any CPU.ActiveCfg = Release|Any CPU
		{EEE91754-0AE3-4942-97EE-D499E1A48D52}.Release|Any CPU.Build.0 = Release|Any CPU
		{B6A8AEB2-A843-493F-8E96-E66D17BBA593}.Debug|Any CPU.ActiveCfg = Debug|Any CPU
		{B6A8AEB2-A843-493F-8E96-E66D17BBA593}.Debug|Any CPU.Build.0 = Debug|Any CPU
		{B6A8AEB2-A843-493F-8E96-E66D17BBA593}.Release|Any CPU.ActiveCfg = Release|Any CPU
		{B6A8AEB2-A843-493F-8E96-E66D17BBA593}.Release|Any CPU.Build.0 = Release|Any CPU
		{467DE447-168E-4DAF-A6EC-1E1AF017593A}.Debug|Any CPU.ActiveCfg = Debug|Any CPU
		{467DE447-168E-4DAF-A6EC-1E1AF017593A}.Debug|Any CPU.Build.0 = Debug|Any CPU
		{467DE447-168E-4DAF-A6EC-1E1AF017593A}.Release|Any CPU.ActiveCfg = Release|Any CPU
		{467DE447-168E-4DAF-A6EC-1E1AF017593A}.Release|Any CPU.Build.0 = Release|Any CPU
		{E00B58E9-67AC-44A5-9EDA-573A83281D82}.Debug|Any CPU.ActiveCfg = Debug|Any CPU
		{E00B58E9-67AC-44A5-9EDA-573A83281D82}.Debug|Any CPU.Build.0 = Debug|Any CPU
		{E00B58E9-67AC-44A5-9EDA-573A83281D82}.Release|Any CPU.ActiveCfg = Release|Any CPU
		{E00B58E9-67AC-44A5-9EDA-573A83281D82}.Release|Any CPU.Build.0 = Release|Any CPU
		{058A5950-8A20-4880-AEA5-3AAB9C3A3517}.Debug|Any CPU.ActiveCfg = Debug|Any CPU
		{058A5950-8A20-4880-AEA5-3AAB9C3A3517}.Debug|Any CPU.Build.0 = Debug|Any CPU
		{058A5950-8A20-4880-AEA5-3AAB9C3A3517}.Release|Any CPU.ActiveCfg = Release|Any CPU
		{058A5950-8A20-4880-AEA5-3AAB9C3A3517}.Release|Any CPU.Build.0 = Release|Any CPU
		{5A4405DE-239F-45AB-B801-047DFC27D062}.Debug|Any CPU.ActiveCfg = Debug|Any CPU
		{5A4405DE-239F-45AB-B801-047DFC27D062}.Debug|Any CPU.Build.0 = Debug|Any CPU
		{5A4405DE-239F-45AB-B801-047DFC27D062}.Release|Any CPU.ActiveCfg = Release|Any CPU
		{5A4405DE-239F-45AB-B801-047DFC27D062}.Release|Any CPU.Build.0 = Release|Any CPU
	EndGlobalSection
	GlobalSection(SolutionProperties) = preSolution
		HideSolutionNode = FALSE
	EndGlobalSection
	GlobalSection(NestedProjects) = preSolution
		{925D2DC3-65AE-4900-873B-0A17A72BF3F8} = {23E9FF7B-1BC5-4FA3-9BE3-30188203472D}
		{E0508FDA-EC25-47F0-8515-C5817A069871} = {23E9FF7B-1BC5-4FA3-9BE3-30188203472D}
		{CBF8C535-700E-4CCA-9D3D-0AE2AD5797C3} = {23E9FF7B-1BC5-4FA3-9BE3-30188203472D}
		{09A471F6-9339-41A9-8722-77FB63995E31} = {23E9FF7B-1BC5-4FA3-9BE3-30188203472D}
		{CCAB3FCE-8792-4EDD-A393-38DB6E67023B} = {E0508FDA-EC25-47F0-8515-C5817A069871}
		{1024472F-E731-4D4A-8043-2E78190F0DAD} = {09A471F6-9339-41A9-8722-77FB63995E31}
		{2B84E01C-A914-4AB2-B787-AC7D310A687E} = {09A471F6-9339-41A9-8722-77FB63995E31}
		{EEE91754-0AE3-4942-97EE-D499E1A48D52} = {CBF8C535-700E-4CCA-9D3D-0AE2AD5797C3}
		{B6A8AEB2-A843-493F-8E96-E66D17BBA593} = {925D2DC3-65AE-4900-873B-0A17A72BF3F8}
		{467DE447-168E-4DAF-A6EC-1E1AF017593A} = {925D2DC3-65AE-4900-873B-0A17A72BF3F8}
		{E00B58E9-67AC-44A5-9EDA-573A83281D82} = {925D2DC3-65AE-4900-873B-0A17A72BF3F8}
		{058A5950-8A20-4880-AEA5-3AAB9C3A3517} = {22E2958B-E11E-48FF-A999-9CE71F060331}
		{5A4405DE-239F-45AB-B801-047DFC27D062} = {22E2958B-E11E-48FF-A999-9CE71F060331}
	EndGlobalSection
	GlobalSection(ExtensibilityGlobals) = postSolution
		SolutionGuid = {CE6817E3-6D3F-4D4F-ADF5-8D9454C60106}
	EndGlobalSection
EndGlobal
